
Microsoft Visual Studio Solution File, Format Version 12.00
# Visual Studio 15
VisualStudioVersion = 15.0.27004.2005
MinimumVisualStudioVersion = 10.0.40219.1
Project("{FAE04EC0-301F-11D3-BF4B-00C04F79EFBC}") = "HttpJsonRpc", "HttpJsonRpc\HttpJsonRpc.csproj", "{A1D13161-159A-494A-86E5-72C04B323ECC}"
EndProject
Project("{FAE04EC0-301F-11D3-BF4B-00C04F79EFBC}") = "HttpJsonRpc.Sample", "HttpJsonRpc.Sample\HttpJsonRpc.Sample.csproj", "{76F768BD-2676-4D73-896E-71E3EC43C440}"
EndProject
Project("{FAE04EC0-301F-11D3-BF4B-00C04F79EFBC}") = "HttpJsonRpc.Tests", "HttpJsonRpc.Tests\HttpJsonRpc.Tests.csproj", "{E8120141-ABCA-44D2-A8CD-38FC5AD23BCF}"
EndProject
Global
	GlobalSection(SolutionConfigurationPlatforms) = preSolution
		Debug|Any CPU = Debug|Any CPU
		Debug|x64 = Debug|x64
		Debug|x86 = Debug|x86
		Release|Any CPU = Release|Any CPU
		Release|x64 = Release|x64
		Release|x86 = Release|x86
	EndGlobalSection
	GlobalSection(ProjectConfigurationPlatforms) = postSolution
		{A1D13161-159A-494A-86E5-72C04B323ECC}.Debug|Any CPU.ActiveCfg = Debug|Any CPU
		{A1D13161-159A-494A-86E5-72C04B323ECC}.Debug|Any CPU.Build.0 = Debug|Any CPU
		{A1D13161-159A-494A-86E5-72C04B323ECC}.Debug|x64.ActiveCfg = Debug|Any CPU
		{A1D13161-159A-494A-86E5-72C04B323ECC}.Debug|x64.Build.0 = Debug|Any CPU
		{A1D13161-159A-494A-86E5-72C04B323ECC}.Debug|x86.ActiveCfg = Debug|Any CPU
		{A1D13161-159A-494A-86E5-72C04B323ECC}.Debug|x86.Build.0 = Debug|Any CPU
		{A1D13161-159A-494A-86E5-72C04B323ECC}.Release|Any CPU.ActiveCfg = Release|Any CPU
		{A1D13161-159A-494A-86E5-72C04B323ECC}.Release|Any CPU.Build.0 = Release|Any CPU
		{A1D13161-159A-494A-86E5-72C04B323ECC}.Release|x64.ActiveCfg = Release|Any CPU
		{A1D13161-159A-494A-86E5-72C04B323ECC}.Release|x64.Build.0 = Release|Any CPU
		{A1D13161-159A-494A-86E5-72C04B323ECC}.Release|x86.ActiveCfg = Release|Any CPU
		{A1D13161-159A-494A-86E5-72C04B323ECC}.Release|x86.Build.0 = Release|Any CPU
		{76F768BD-2676-4D73-896E-71E3EC43C440}.Debug|Any CPU.ActiveCfg = Debug|Any CPU
		{76F768BD-2676-4D73-896E-71E3EC43C440}.Debug|Any CPU.Build.0 = Debug|Any CPU
		{76F768BD-2676-4D73-896E-71E3EC43C440}.Debug|x64.ActiveCfg = Debug|Any CPU
		{76F768BD-2676-4D73-896E-71E3EC43C440}.Debug|x64.Build.0 = Debug|Any CPU
		{76F768BD-2676-4D73-896E-71E3EC43C440}.Debug|x86.ActiveCfg = Debug|Any CPU
		{76F768BD-2676-4D73-896E-71E3EC43C440}.Debug|x86.Build.0 = Debug|Any CPU
		{76F768BD-2676-4D73-896E-71E3EC43C440}.Release|Any CPU.ActiveCfg = Release|Any CPU
		{76F768BD-2676-4D73-896E-71E3EC43C440}.Release|Any CPU.Build.0 = Release|Any CPU
		{76F768BD-2676-4D73-896E-71E3EC43C440}.Release|x64.ActiveCfg = Release|Any CPU
		{76F768BD-2676-4D73-896E-71E3EC43C440}.Release|x64.Build.0 = Release|Any CPU
		{76F768BD-2676-4D73-896E-71E3EC43C440}.Release|x86.ActiveCfg = Release|Any CPU
		{76F768BD-2676-4D73-896E-71E3EC43C440}.Release|x86.Build.0 = Release|Any CPU
		{E8120141-ABCA-44D2-A8CD-38FC5AD23BCF}.Debug|Any CPU.ActiveCfg = Debug|Any CPU
		{E8120141-ABCA-44D2-A8CD-38FC5AD23BCF}.Debug|Any CPU.Build.0 = Debug|Any CPU
		{E8120141-ABCA-44D2-A8CD-38FC5AD23BCF}.Debug|x64.ActiveCfg = Debug|Any CPU
		{E8120141-ABCA-44D2-A8CD-38FC5AD23BCF}.Debug|x64.Build.0 = Debug|Any CPU
		{E8120141-ABCA-44D2-A8CD-38FC5AD23BCF}.Debug|x86.ActiveCfg = Debug|Any CPU
		{E8120141-ABCA-44D2-A8CD-38FC5AD23BCF}.Debug|x86.Build.0 = Debug|Any CPU
		{E8120141-ABCA-44D2-A8CD-38FC5AD23BCF}.Release|Any CPU.ActiveCfg = Release|Any CPU
		{E8120141-ABCA-44D2-A8CD-38FC5AD23BCF}.Release|Any CPU.Build.0 = Release|Any CPU
		{E8120141-ABCA-44D2-A8CD-38FC5AD23BCF}.Release|x64.ActiveCfg = Release|Any CPU
		{E8120141-ABCA-44D2-A8CD-38FC5AD23BCF}.Release|x64.Build.0 = Release|Any CPU
		{E8120141-ABCA-44D2-A8CD-38FC5AD23BCF}.Release|x86.ActiveCfg = Release|Any CPU
		{E8120141-ABCA-44D2-A8CD-38FC5AD23BCF}.Release|x86.Build.0 = Release|Any CPU
	EndGlobalSection
	GlobalSection(SolutionProperties) = preSolution
		HideSolutionNode = FALSE
	EndGlobalSection
	GlobalSection(ExtensibilityGlobals) = postSolution
		SolutionGuid = {C565CF0C-02E1-4E62-B632-2364841ADF94}
	EndGlobalSection
EndGlobal
