
Microsoft Visual Studio Solution File, Format Version 12.00
# Visual Studio 15
VisualStudioVersion = 15.0.27004.2005
MinimumVisualStudioVersion = 10.0.40219.1
Project("{FAE04EC0-301F-11D3-BF4B-00C04F79EFBC}") = "HttpJsonRpcNet", "HttpJsonRpcNet\HttpJsonRpcNet.csproj", "{E210D018-6D48-4F2C-BE2F-6E287151C45F}"
EndProject
Project("{FAE04EC0-301F-11D3-BF4B-00C04F79EFBC}") = "HttpJsonRpcNet.Sample", "HttpJsonRpcNet.Sample\HttpJsonRpcNet.Sample.csproj", "{BA86C756-E769-40E7-B999-E5D0C81EAF8C}"
EndProject
Global
	GlobalSection(SolutionConfigurationPlatforms) = preSolution
		Debug|Any CPU = Debug|Any CPU
		Release|Any CPU = Release|Any CPU
	EndGlobalSection
	GlobalSection(ProjectConfigurationPlatforms) = postSolution
		{E210D018-6D48-4F2C-BE2F-6E287151C45F}.Debug|Any CPU.ActiveCfg = Debug|Any CPU
		{E210D018-6D48-4F2C-BE2F-6E287151C45F}.Debug|Any CPU.Build.0 = Debug|Any CPU
		{E210D018-6D48-4F2C-BE2F-6E287151C45F}.Release|Any CPU.ActiveCfg = Release|Any CPU
		{E210D018-6D48-4F2C-BE2F-6E287151C45F}.Release|Any CPU.Build.0 = Release|Any CPU
		{BA86C756-E769-40E7-B999-E5D0C81EAF8C}.Debug|Any CPU.ActiveCfg = Debug|Any CPU
		{BA86C756-E769-40E7-B999-E5D0C81EAF8C}.Debug|Any CPU.Build.0 = Debug|Any CPU
		{BA86C756-E769-40E7-B999-E5D0C81EAF8C}.Release|Any CPU.ActiveCfg = Release|Any CPU
		{BA86C756-E769-40E7-B999-E5D0C81EAF8C}.Release|Any CPU.Build.0 = Release|Any CPU
	EndGlobalSection
	GlobalSection(SolutionProperties) = preSolution
		HideSolutionNode = FALSE
	EndGlobalSection
	GlobalSection(ExtensibilityGlobals) = postSolution
		SolutionGuid = {C565CF0C-02E1-4E62-B632-2364841ADF94}
	EndGlobalSection
EndGlobal
